
Microsoft Visual Studio Solution File, Format Version 12.00
# Visual Studio Version 17
VisualStudioVersion = 17.14.36603.0 d17.14
MinimumVisualStudioVersion = 10.0.40219.1
Project("{FAE04EC0-301F-11D3-BF4B-00C04F79EFBC}") = "DLLServices2TestStand", "DLLServices2TestStand\DLLServices2TestStand.csproj", "{A0F6C2CD-6DF3-48C8-BF8D-9C4B1510E5A4}"
	ProjectSection(ProjectDependencies) = postProject
		{8C832C38-CF81-4247-BAEF-581F5C14F11F} = {8C832C38-CF81-4247-BAEF-581F5C14F11F}
		{B5282E82-D211-4BEA-BEBD-B2CC6E45BF5C} = {B5282E82-D211-4BEA-BEBD-B2CC6E45BF5C}
		{6CFFB889-9457-4BFA-9EFB-614118885760} = {6CFFB889-9457-4BFA-9EFB-614118885760}
		{4D82458F-864F-494E-A537-1E89D6C8073C} = {4D82458F-864F-494E-A537-1E89D6C8073C}
		{A248E5A4-B42B-4B10-8F52-E58B06A0BC18} = {A248E5A4-B42B-4B10-8F52-E58B06A0BC18}
		{147D0AB7-A13A-4374-9011-A5584AE3A533} = {147D0AB7-A13A-4374-9011-A5584AE3A533}
		{A9512FCD-3F59-4CE9-8923-367AED4511A8} = {A9512FCD-3F59-4CE9-8923-367AED4511A8}
		{C1FB48D6-4A54-4424-BCA1-4777F3AAE2DF} = {C1FB48D6-4A54-4424-BCA1-4777F3AAE2DF}
		{714F5BEE-4663-4B0C-8865-8A2165BF6BF2} = {714F5BEE-4663-4B0C-8865-8A2165BF6BF2}
	EndProjectSection
EndProject
Project("{FAE04EC0-301F-11D3-BF4B-00C04F79EFBC}") = "Common", "Common\Common.csproj", "{C1FB48D6-4A54-4424-BCA1-4777F3AAE2DF}"
EndProject
Project("{FAE04EC0-301F-11D3-BF4B-00C04F79EFBC}") = "Core", "Core\Core.csproj", "{B5282E82-D211-4BEA-BEBD-B2CC6E45BF5C}"
	ProjectSection(ProjectDependencies) = postProject
		{8C832C38-CF81-4247-BAEF-581F5C14F11F} = {8C832C38-CF81-4247-BAEF-581F5C14F11F}
		{4D82458F-864F-494E-A537-1E89D6C8073C} = {4D82458F-864F-494E-A537-1E89D6C8073C}
		{C1FB48D6-4A54-4424-BCA1-4777F3AAE2DF} = {C1FB48D6-4A54-4424-BCA1-4777F3AAE2DF}
	EndProjectSection
EndProject
Project("{FAE04EC0-301F-11D3-BF4B-00C04F79EFBC}") = "DLLConfigurationManager", "DLLConfigurationManager\DLLConfigurationManager.csproj", "{6CFFB889-9457-4BFA-9EFB-614118885760}"
	ProjectSection(ProjectDependencies) = postProject
		{8C832C38-CF81-4247-BAEF-581F5C14F11F} = {8C832C38-CF81-4247-BAEF-581F5C14F11F}
		{B5282E82-D211-4BEA-BEBD-B2CC6E45BF5C} = {B5282E82-D211-4BEA-BEBD-B2CC6E45BF5C}
		{4D82458F-864F-494E-A537-1E89D6C8073C} = {4D82458F-864F-494E-A537-1E89D6C8073C}
		{147D0AB7-A13A-4374-9011-A5584AE3A533} = {147D0AB7-A13A-4374-9011-A5584AE3A533}
		{C1FB48D6-4A54-4424-BCA1-4777F3AAE2DF} = {C1FB48D6-4A54-4424-BCA1-4777F3AAE2DF}
		{714F5BEE-4663-4B0C-8865-8A2165BF6BF2} = {714F5BEE-4663-4B0C-8865-8A2165BF6BF2}
	EndProjectSection
EndProject
Project("{FAE04EC0-301F-11D3-BF4B-00C04F79EFBC}") = "ConsoleStreams", "ConsoleStreams\ConsoleStreams.csproj", "{714F5BEE-4663-4B0C-8865-8A2165BF6BF2}"
	ProjectSection(ProjectDependencies) = postProject
		{8C832C38-CF81-4247-BAEF-581F5C14F11F} = {8C832C38-CF81-4247-BAEF-581F5C14F11F}
		{B5282E82-D211-4BEA-BEBD-B2CC6E45BF5C} = {B5282E82-D211-4BEA-BEBD-B2CC6E45BF5C}
		{4D82458F-864F-494E-A537-1E89D6C8073C} = {4D82458F-864F-494E-A537-1E89D6C8073C}
		{147D0AB7-A13A-4374-9011-A5584AE3A533} = {147D0AB7-A13A-4374-9011-A5584AE3A533}
		{C1FB48D6-4A54-4424-BCA1-4777F3AAE2DF} = {C1FB48D6-4A54-4424-BCA1-4777F3AAE2DF}
	EndProjectSection
EndProject
Project("{FAE04EC0-301F-11D3-BF4B-00C04F79EFBC}") = "AssemblyUtils", "AssemblyUtils\AssemblyUtils.csproj", "{147D0AB7-A13A-4374-9011-A5584AE3A533}"
EndProject
Project("{FAE04EC0-301F-11D3-BF4B-00C04F79EFBC}") = "ASCIIInfo", "ASCIIInfo\ASCIIInfo.csproj", "{8C832C38-CF81-4247-BAEF-581F5C14F11F}"
EndProject
Project("{FAE04EC0-301F-11D3-BF4B-00C04F79EFBC}") = "FormatStringEngine", "FormatStringEngine\FormatStringEngine.csproj", "{4D82458F-864F-494E-A537-1E89D6C8073C}"
	ProjectSection(ProjectDependencies) = postProject
		{8C832C38-CF81-4247-BAEF-581F5C14F11F} = {8C832C38-CF81-4247-BAEF-581F5C14F11F}
		{C1FB48D6-4A54-4424-BCA1-4777F3AAE2DF} = {C1FB48D6-4A54-4424-BCA1-4777F3AAE2DF}
	EndProjectSection
EndProject
Project("{FAE04EC0-301F-11D3-BF4B-00C04F79EFBC}") = "MoreMath", "MoreMath\MoreMath.csproj", "{A9512FCD-3F59-4CE9-8923-367AED4511A8}"
	ProjectSection(ProjectDependencies) = postProject
		{A248E5A4-B42B-4B10-8F52-E58B06A0BC18} = {A248E5A4-B42B-4B10-8F52-E58B06A0BC18}
		{C1FB48D6-4A54-4424-BCA1-4777F3AAE2DF} = {C1FB48D6-4A54-4424-BCA1-4777F3AAE2DF}
	EndProjectSection
EndProject
Project("{FAE04EC0-301F-11D3-BF4B-00C04F79EFBC}") = "DiagnosticInfo", "DiagnosticInfo\DiagnosticInfo.csproj", "{A248E5A4-B42B-4B10-8F52-E58B06A0BC18}"
	ProjectSection(ProjectDependencies) = postProject
		{C1FB48D6-4A54-4424-BCA1-4777F3AAE2DF} = {C1FB48D6-4A54-4424-BCA1-4777F3AAE2DF}
	EndProjectSection
EndProject
Project("{FAE04EC0-301F-11D3-BF4B-00C04F79EFBC}") = "GUITestStand", "GUITestStand\GUITestStand.csproj", "{3AF783ED-8266-4039-8AB4-DAB535F5F6D8}"
EndProject
Project("{2150E333-8FDC-42A3-9474-1A3956D46DE8}") = "Solution Items", "Solution Items", "{70FCF204-A3E1-43E2-8D12-38C6C30763D8}"
	ProjectSection(SolutionItems) = preProject
		.editorconfig = .editorconfig
		ChangeLog.md = ChangeLog.md
		readme.md = readme.md
	EndProjectSection
EndProject
Global
	GlobalSection(SolutionConfigurationPlatforms) = preSolution
		Debug|Any CPU = Debug|Any CPU
		Debug|Mixed Platforms = Debug|Mixed Platforms
		Debug|x86 = Debug|x86
		Release|Any CPU = Release|Any CPU
		Release|Mixed Platforms = Release|Mixed Platforms
		Release|x86 = Release|x86
	EndGlobalSection
	GlobalSection(ProjectConfigurationPlatforms) = postSolution
		{A0F6C2CD-6DF3-48C8-BF8D-9C4B1510E5A4}.Debug|Any CPU.ActiveCfg = Debug|Any CPU
		{A0F6C2CD-6DF3-48C8-BF8D-9C4B1510E5A4}.Debug|Any CPU.Build.0 = Debug|Any CPU
		{A0F6C2CD-6DF3-48C8-BF8D-9C4B1510E5A4}.Debug|Mixed Platforms.ActiveCfg = Debug|x86
		{A0F6C2CD-6DF3-48C8-BF8D-9C4B1510E5A4}.Debug|Mixed Platforms.Build.0 = Debug|x86
		{A0F6C2CD-6DF3-48C8-BF8D-9C4B1510E5A4}.Debug|x86.ActiveCfg = Debug|x86
		{A0F6C2CD-6DF3-48C8-BF8D-9C4B1510E5A4}.Debug|x86.Build.0 = Debug|x86
		{A0F6C2CD-6DF3-48C8-BF8D-9C4B1510E5A4}.Release|Any CPU.ActiveCfg = Release|Any CPU
		{A0F6C2CD-6DF3-48C8-BF8D-9C4B1510E5A4}.Release|Any CPU.Build.0 = Release|Any CPU
		{A0F6C2CD-6DF3-48C8-BF8D-9C4B1510E5A4}.Release|Mixed Platforms.ActiveCfg = Release|x86
		{A0F6C2CD-6DF3-48C8-BF8D-9C4B1510E5A4}.Release|Mixed Platforms.Build.0 = Release|x86
		{A0F6C2CD-6DF3-48C8-BF8D-9C4B1510E5A4}.Release|x86.ActiveCfg = Release|x86
		{A0F6C2CD-6DF3-48C8-BF8D-9C4B1510E5A4}.Release|x86.Build.0 = Release|x86
		{C1FB48D6-4A54-4424-BCA1-4777F3AAE2DF}.Debug|Any CPU.ActiveCfg = Debug|Any CPU
		{C1FB48D6-4A54-4424-BCA1-4777F3AAE2DF}.Debug|Any CPU.Build.0 = Debug|Any CPU
		{C1FB48D6-4A54-4424-BCA1-4777F3AAE2DF}.Debug|Mixed Platforms.ActiveCfg = Debug|Any CPU
		{C1FB48D6-4A54-4424-BCA1-4777F3AAE2DF}.Debug|Mixed Platforms.Build.0 = Debug|Any CPU
		{C1FB48D6-4A54-4424-BCA1-4777F3AAE2DF}.Debug|x86.ActiveCfg = Debug|Any CPU
		{C1FB48D6-4A54-4424-BCA1-4777F3AAE2DF}.Release|Any CPU.ActiveCfg = Release|Any CPU
		{C1FB48D6-4A54-4424-BCA1-4777F3AAE2DF}.Release|Any CPU.Build.0 = Release|Any CPU
		{C1FB48D6-4A54-4424-BCA1-4777F3AAE2DF}.Release|Mixed Platforms.ActiveCfg = Release|Any CPU
		{C1FB48D6-4A54-4424-BCA1-4777F3AAE2DF}.Release|Mixed Platforms.Build.0 = Release|Any CPU
		{C1FB48D6-4A54-4424-BCA1-4777F3AAE2DF}.Release|x86.ActiveCfg = Release|Any CPU
		{B5282E82-D211-4BEA-BEBD-B2CC6E45BF5C}.Debug|Any CPU.ActiveCfg = Debug|Any CPU
		{B5282E82-D211-4BEA-BEBD-B2CC6E45BF5C}.Debug|Any CPU.Build.0 = Debug|Any CPU
		{B5282E82-D211-4BEA-BEBD-B2CC6E45BF5C}.Debug|Mixed Platforms.ActiveCfg = Debug|Any CPU
		{B5282E82-D211-4BEA-BEBD-B2CC6E45BF5C}.Debug|Mixed Platforms.Build.0 = Debug|Any CPU
		{B5282E82-D211-4BEA-BEBD-B2CC6E45BF5C}.Debug|x86.ActiveCfg = Debug|Any CPU
		{B5282E82-D211-4BEA-BEBD-B2CC6E45BF5C}.Release|Any CPU.ActiveCfg = Release|Any CPU
		{B5282E82-D211-4BEA-BEBD-B2CC6E45BF5C}.Release|Any CPU.Build.0 = Release|Any CPU
		{B5282E82-D211-4BEA-BEBD-B2CC6E45BF5C}.Release|Mixed Platforms.ActiveCfg = Release|Any CPU
		{B5282E82-D211-4BEA-BEBD-B2CC6E45BF5C}.Release|Mixed Platforms.Build.0 = Release|Any CPU
		{B5282E82-D211-4BEA-BEBD-B2CC6E45BF5C}.Release|x86.ActiveCfg = Release|Any CPU
		{6CFFB889-9457-4BFA-9EFB-614118885760}.Debug|Any CPU.ActiveCfg = Debug|Any CPU
		{6CFFB889-9457-4BFA-9EFB-614118885760}.Debug|Any CPU.Build.0 = Debug|Any CPU
		{6CFFB889-9457-4BFA-9EFB-614118885760}.Debug|Mixed Platforms.ActiveCfg = Debug|Any CPU
		{6CFFB889-9457-4BFA-9EFB-614118885760}.Debug|Mixed Platforms.Build.0 = Debug|Any CPU
		{6CFFB889-9457-4BFA-9EFB-614118885760}.Debug|x86.ActiveCfg = Debug|Any CPU
		{6CFFB889-9457-4BFA-9EFB-614118885760}.Release|Any CPU.ActiveCfg = Release|Any CPU
		{6CFFB889-9457-4BFA-9EFB-614118885760}.Release|Any CPU.Build.0 = Release|Any CPU
		{6CFFB889-9457-4BFA-9EFB-614118885760}.Release|Mixed Platforms.ActiveCfg = Release|Any CPU
		{6CFFB889-9457-4BFA-9EFB-614118885760}.Release|Mixed Platforms.Build.0 = Release|Any CPU
		{6CFFB889-9457-4BFA-9EFB-614118885760}.Release|x86.ActiveCfg = Release|Any CPU
		{714F5BEE-4663-4B0C-8865-8A2165BF6BF2}.Debug|Any CPU.ActiveCfg = Debug|Any CPU
		{714F5BEE-4663-4B0C-8865-8A2165BF6BF2}.Debug|Any CPU.Build.0 = Debug|Any CPU
		{714F5BEE-4663-4B0C-8865-8A2165BF6BF2}.Debug|Mixed Platforms.ActiveCfg = Debug|Any CPU
		{714F5BEE-4663-4B0C-8865-8A2165BF6BF2}.Debug|Mixed Platforms.Build.0 = Debug|Any CPU
		{714F5BEE-4663-4B0C-8865-8A2165BF6BF2}.Debug|x86.ActiveCfg = Debug|Any CPU
		{714F5BEE-4663-4B0C-8865-8A2165BF6BF2}.Release|Any CPU.ActiveCfg = Release|Any CPU
		{714F5BEE-4663-4B0C-8865-8A2165BF6BF2}.Release|Any CPU.Build.0 = Release|Any CPU
		{714F5BEE-4663-4B0C-8865-8A2165BF6BF2}.Release|Mixed Platforms.ActiveCfg = Release|Any CPU
		{714F5BEE-4663-4B0C-8865-8A2165BF6BF2}.Release|Mixed Platforms.Build.0 = Release|Any CPU
		{714F5BEE-4663-4B0C-8865-8A2165BF6BF2}.Release|x86.ActiveCfg = Release|Any CPU
		{147D0AB7-A13A-4374-9011-A5584AE3A533}.Debug|Any CPU.ActiveCfg = Debug|Any CPU
		{147D0AB7-A13A-4374-9011-A5584AE3A533}.Debug|Any CPU.Build.0 = Debug|Any CPU
		{147D0AB7-A13A-4374-9011-A5584AE3A533}.Debug|Mixed Platforms.ActiveCfg = Debug|Any CPU
		{147D0AB7-A13A-4374-9011-A5584AE3A533}.Debug|Mixed Platforms.Build.0 = Debug|Any CPU
		{147D0AB7-A13A-4374-9011-A5584AE3A533}.Debug|x86.ActiveCfg = Debug|Any CPU
		{147D0AB7-A13A-4374-9011-A5584AE3A533}.Release|Any CPU.ActiveCfg = Release|Any CPU
		{147D0AB7-A13A-4374-9011-A5584AE3A533}.Release|Any CPU.Build.0 = Release|Any CPU
		{147D0AB7-A13A-4374-9011-A5584AE3A533}.Release|Mixed Platforms.ActiveCfg = Release|Any CPU
		{147D0AB7-A13A-4374-9011-A5584AE3A533}.Release|Mixed Platforms.Build.0 = Release|Any CPU
		{147D0AB7-A13A-4374-9011-A5584AE3A533}.Release|x86.ActiveCfg = Release|Any CPU
		{8C832C38-CF81-4247-BAEF-581F5C14F11F}.Debug|Any CPU.ActiveCfg = Debug|Any CPU
		{8C832C38-CF81-4247-BAEF-581F5C14F11F}.Debug|Any CPU.Build.0 = Debug|Any CPU
		{8C832C38-CF81-4247-BAEF-581F5C14F11F}.Debug|Mixed Platforms.ActiveCfg = Debug|Any CPU
		{8C832C38-CF81-4247-BAEF-581F5C14F11F}.Debug|Mixed Platforms.Build.0 = Debug|Any CPU
		{8C832C38-CF81-4247-BAEF-581F5C14F11F}.Debug|x86.ActiveCfg = Debug|Any CPU
		{8C832C38-CF81-4247-BAEF-581F5C14F11F}.Release|Any CPU.ActiveCfg = Release|Any CPU
		{8C832C38-CF81-4247-BAEF-581F5C14F11F}.Release|Any CPU.Build.0 = Release|Any CPU
		{8C832C38-CF81-4247-BAEF-581F5C14F11F}.Release|Mixed Platforms.ActiveCfg = Release|Any CPU
		{8C832C38-CF81-4247-BAEF-581F5C14F11F}.Release|Mixed Platforms.Build.0 = Release|Any CPU
		{8C832C38-CF81-4247-BAEF-581F5C14F11F}.Release|x86.ActiveCfg = Release|Any CPU
		{4D82458F-864F-494E-A537-1E89D6C8073C}.Debug|Any CPU.ActiveCfg = Debug|Any CPU
		{4D82458F-864F-494E-A537-1E89D6C8073C}.Debug|Any CPU.Build.0 = Debug|Any CPU
		{4D82458F-864F-494E-A537-1E89D6C8073C}.Debug|Mixed Platforms.ActiveCfg = Debug|Any CPU
		{4D82458F-864F-494E-A537-1E89D6C8073C}.Debug|Mixed Platforms.Build.0 = Debug|Any CPU
		{4D82458F-864F-494E-A537-1E89D6C8073C}.Debug|x86.ActiveCfg = Debug|Any CPU
		{4D82458F-864F-494E-A537-1E89D6C8073C}.Release|Any CPU.ActiveCfg = Release|Any CPU
		{4D82458F-864F-494E-A537-1E89D6C8073C}.Release|Any CPU.Build.0 = Release|Any CPU
		{4D82458F-864F-494E-A537-1E89D6C8073C}.Release|Mixed Platforms.ActiveCfg = Release|Any CPU
		{4D82458F-864F-494E-A537-1E89D6C8073C}.Release|Mixed Platforms.Build.0 = Release|Any CPU
		{4D82458F-864F-494E-A537-1E89D6C8073C}.Release|x86.ActiveCfg = Release|Any CPU
		{A9512FCD-3F59-4CE9-8923-367AED4511A8}.Debug|Any CPU.ActiveCfg = Debug|Any CPU
		{A9512FCD-3F59-4CE9-8923-367AED4511A8}.Debug|Any CPU.Build.0 = Debug|Any CPU
		{A9512FCD-3F59-4CE9-8923-367AED4511A8}.Debug|Mixed Platforms.ActiveCfg = Debug|Any CPU
		{A9512FCD-3F59-4CE9-8923-367AED4511A8}.Debug|Mixed Platforms.Build.0 = Debug|Any CPU
		{A9512FCD-3F59-4CE9-8923-367AED4511A8}.Debug|x86.ActiveCfg = Debug|Any CPU
		{A9512FCD-3F59-4CE9-8923-367AED4511A8}.Debug|x86.Build.0 = Debug|Any CPU
		{A9512FCD-3F59-4CE9-8923-367AED4511A8}.Release|Any CPU.ActiveCfg = Release|Any CPU
		{A9512FCD-3F59-4CE9-8923-367AED4511A8}.Release|Any CPU.Build.0 = Release|Any CPU
		{A9512FCD-3F59-4CE9-8923-367AED4511A8}.Release|Mixed Platforms.ActiveCfg = Release|Any CPU
		{A9512FCD-3F59-4CE9-8923-367AED4511A8}.Release|Mixed Platforms.Build.0 = Release|Any CPU
		{A9512FCD-3F59-4CE9-8923-367AED4511A8}.Release|x86.ActiveCfg = Release|Any CPU
		{A9512FCD-3F59-4CE9-8923-367AED4511A8}.Release|x86.Build.0 = Release|Any CPU
		{A248E5A4-B42B-4B10-8F52-E58B06A0BC18}.Debug|Any CPU.ActiveCfg = Debug|Any CPU
		{A248E5A4-B42B-4B10-8F52-E58B06A0BC18}.Debug|Any CPU.Build.0 = Debug|Any CPU
		{A248E5A4-B42B-4B10-8F52-E58B06A0BC18}.Debug|Mixed Platforms.ActiveCfg = Debug|Any CPU
		{A248E5A4-B42B-4B10-8F52-E58B06A0BC18}.Debug|Mixed Platforms.Build.0 = Debug|Any CPU
		{A248E5A4-B42B-4B10-8F52-E58B06A0BC18}.Debug|x86.ActiveCfg = Debug|Any CPU
		{A248E5A4-B42B-4B10-8F52-E58B06A0BC18}.Debug|x86.Build.0 = Debug|Any CPU
		{A248E5A4-B42B-4B10-8F52-E58B06A0BC18}.Release|Any CPU.ActiveCfg = Release|Any CPU
		{A248E5A4-B42B-4B10-8F52-E58B06A0BC18}.Release|Any CPU.Build.0 = Release|Any CPU
		{A248E5A4-B42B-4B10-8F52-E58B06A0BC18}.Release|Mixed Platforms.ActiveCfg = Release|Any CPU
		{A248E5A4-B42B-4B10-8F52-E58B06A0BC18}.Release|Mixed Platforms.Build.0 = Release|Any CPU
		{A248E5A4-B42B-4B10-8F52-E58B06A0BC18}.Release|x86.ActiveCfg = Release|Any CPU
		{A248E5A4-B42B-4B10-8F52-E58B06A0BC18}.Release|x86.Build.0 = Release|Any CPU
		{3AF783ED-8266-4039-8AB4-DAB535F5F6D8}.Debug|Any CPU.ActiveCfg = Debug|Any CPU
		{3AF783ED-8266-4039-8AB4-DAB535F5F6D8}.Debug|Any CPU.Build.0 = Debug|Any CPU
		{3AF783ED-8266-4039-8AB4-DAB535F5F6D8}.Debug|Mixed Platforms.ActiveCfg = Debug|Any CPU
		{3AF783ED-8266-4039-8AB4-DAB535F5F6D8}.Debug|Mixed Platforms.Build.0 = Debug|Any CPU
		{3AF783ED-8266-4039-8AB4-DAB535F5F6D8}.Debug|x86.ActiveCfg = Debug|Any CPU
		{3AF783ED-8266-4039-8AB4-DAB535F5F6D8}.Debug|x86.Build.0 = Debug|Any CPU
		{3AF783ED-8266-4039-8AB4-DAB535F5F6D8}.Release|Any CPU.ActiveCfg = Release|Any CPU
		{3AF783ED-8266-4039-8AB4-DAB535F5F6D8}.Release|Any CPU.Build.0 = Release|Any CPU
		{3AF783ED-8266-4039-8AB4-DAB535F5F6D8}.Release|Mixed Platforms.ActiveCfg = Release|Any CPU
		{3AF783ED-8266-4039-8AB4-DAB535F5F6D8}.Release|Mixed Platforms.Build.0 = Release|Any CPU
		{3AF783ED-8266-4039-8AB4-DAB535F5F6D8}.Release|x86.ActiveCfg = Release|Any CPU
		{3AF783ED-8266-4039-8AB4-DAB535F5F6D8}.Release|x86.Build.0 = Release|Any CPU
	EndGlobalSection
	GlobalSection(SolutionProperties) = preSolution
		HideSolutionNode = FALSE
	EndGlobalSection
	GlobalSection(ExtensibilityGlobals) = postSolution
		SolutionGuid = {B2E84897-3B64-4797-A2EE-DDA989D21AB9}
	EndGlobalSection
EndGlobal
